
Microsoft Visual Studio Solution File, Format Version 12.00
# Visual Studio Version 17
VisualStudioVersion = 17.13.35818.85 d17.13
MinimumVisualStudioVersion = 10.0.40219.1
Project("{FAE04EC0-301F-11D3-BF4B-00C04F79EFBC}") = "MatchGame", "MatchGame\MatchGame.csproj", "{FC96086B-E057-4969-96C1-D50F6FE9442A}"
EndProject
Global
	GlobalSection(SolutionConfigurationPlatforms) = preSolution
		Debug|Any CPU = Debug|Any CPU
		Release|Any CPU = Release|Any CPU
	EndGlobalSection
	GlobalSection(ProjectConfigurationPlatforms) = postSolution
		{FC96086B-E057-4969-96C1-D50F6FE9442A}.Debug|Any CPU.ActiveCfg = Debug|Any CPU
		{FC96086B-E057-4969-96C1-D50F6FE9442A}.Debug|Any CPU.Build.0 = Debug|Any CPU
		{FC96086B-E057-4969-96C1-D50F6FE9442A}.Release|Any CPU.ActiveCfg = Release|Any CPU
		{FC96086B-E057-4969-96C1-D50F6FE9442A}.Release|Any CPU.Build.0 = Release|Any CPU
	EndGlobalSection
	GlobalSection(SolutionProperties) = preSolution
		HideSolutionNode = FALSE
	EndGlobalSection
	GlobalSection(ExtensibilityGlobals) = postSolution
		SolutionGuid = {7FE5DA91-AE7A-44A1-B1C0-BA080A42C387}
	EndGlobalSection
EndGlobal
